Microsoft Visual Studio Solution File, Format Version 12.00
# Visual Studio Version 17
VisualStudioVersion = 17.5.2.0
MinimumVisualStudioVersion = 10.0.40219.1
Project("{FAE04EC0-301F-11D3-BF4B-00C04F79EFBC}") = "netmon", "netmon.csproj", "{C22C32A8-714A-DDD3-76C9-7FB718BC9417}"
EndProject
Global
	GlobalSection(SolutionConfigurationPlatforms) = preSolution
		Debug|Any CPU = Debug|Any CPU
		Release|Any CPU = Release|Any CPU
	EndGlobalSection
	GlobalSection(ProjectConfigurationPlatforms) = postSolution
		{C22C32A8-714A-DDD3-76C9-7FB718BC9417}.Debug|Any CPU.ActiveCfg = Debug|Any CPU
		{C22C32A8-714A-DDD3-76C9-7FB718BC9417}.Debug|Any CPU.Build.0 = Debug|Any CPU
		{C22C32A8-714A-DDD3-76C9-7FB718BC9417}.Release|Any CPU.ActiveCfg = Release|Any CPU
		{C22C32A8-714A-DDD3-76C9-7FB718BC9417}.Release|Any CPU.Build.0 = Release|Any CPU
	EndGlobalSection
	GlobalSection(SolutionProperties) = preSolution
		HideSolutionNode = FALSE
	EndGlobalSection
	GlobalSection(ExtensibilityGlobals) = postSolution
		SolutionGuid = {A23349FF-74EF-4C2D-854F-7C431546129A}
	EndGlobalSection
EndGlobal
